
Microsoft Visual Studio Solution File, Format Version 12.00
# Visual Studio Version 17
VisualStudioVersion = 17.13.35931.197
MinimumVisualStudioVersion = 10.0.40219.1
Project("{FAE04EC0-301F-11D3-BF4B-00C04F79EFBC}") = "SmartClinic.API", "SmartClinic.API\SmartClinic.API.csproj", "{B1C5D53C-DF29-496B-A6D9-414847E9FFBB}"
EndProject
Project("{FAE04EC0-301F-11D3-BF4B-00C04F79EFBC}") = "SmartClinic.Application", "SmartClinic.Application\SmartClinic.Application.csproj", "{7108A0EF-5BCC-4B8D-B58F-E209E6853136}"
EndProject
Project("{FAE04EC0-301F-11D3-BF4B-00C04F79EFBC}") = "SmartApplication.Domain", "SmartApplication.Domain\SmartApplication.Domain.csproj", "{F332D169-9CAA-4FFA-B6F1-B2DF82781230}"
EndProject
Project("{FAE04EC0-301F-11D3-BF4B-00C04F79EFBC}") = "SmartClinic.Infrastructure", "SmartClinic.Infrastructure\SmartClinic.Infrastructure.csproj", "{ED901A24-9BC4-46E5-AF38-75846DE7F307}"
EndProject
Project("{FAE04EC0-301F-11D3-BF4B-00C04F79EFBC}") = "SmartClinic.Tests", "SmartClinic.Tests\SmartClinic.Tests.csproj", "{1E4296C9-713F-4282-B827-2611BEA8309D}"
EndProject
Global
	GlobalSection(SolutionConfigurationPlatforms) = preSolution
		Debug|Any CPU = Debug|Any CPU
		Release|Any CPU = Release|Any CPU
	EndGlobalSection
	GlobalSection(ProjectConfigurationPlatforms) = postSolution
		{B1C5D53C-DF29-496B-A6D9-414847E9FFBB}.Debug|Any CPU.ActiveCfg = Debug|Any CPU
		{B1C5D53C-DF29-496B-A6D9-414847E9FFBB}.Debug|Any CPU.Build.0 = Debug|Any CPU
		{B1C5D53C-DF29-496B-A6D9-414847E9FFBB}.Release|Any CPU.ActiveCfg = Release|Any CPU
		{B1C5D53C-DF29-496B-A6D9-414847E9FFBB}.Release|Any CPU.Build.0 = Release|Any CPU
		{7108A0EF-5BCC-4B8D-B58F-E209E6853136}.Debug|Any CPU.ActiveCfg = Debug|Any CPU
		{7108A0EF-5BCC-4B8D-B58F-E209E6853136}.Debug|Any CPU.Build.0 = Debug|Any CPU
		{7108A0EF-5BCC-4B8D-B58F-E209E6853136}.Release|Any CPU.ActiveCfg = Release|Any CPU
		{7108A0EF-5BCC-4B8D-B58F-E209E6853136}.Release|Any CPU.Build.0 = Release|Any CPU
		{F332D169-9CAA-4FFA-B6F1-B2DF82781230}.Debug|Any CPU.ActiveCfg = Debug|Any CPU
		{F332D169-9CAA-4FFA-B6F1-B2DF82781230}.Debug|Any CPU.Build.0 = Debug|Any CPU
		{F332D169-9CAA-4FFA-B6F1-B2DF82781230}.Release|Any CPU.ActiveCfg = Release|Any CPU
		{F332D169-9CAA-4FFA-B6F1-B2DF82781230}.Release|Any CPU.Build.0 = Release|Any CPU
		{ED901A24-9BC4-46E5-AF38-75846DE7F307}.Debug|Any CPU.ActiveCfg = Debug|Any CPU
		{ED901A24-9BC4-46E5-AF38-75846DE7F307}.Debug|Any CPU.Build.0 = Debug|Any CPU
		{ED901A24-9BC4-46E5-AF38-75846DE7F307}.Release|Any CPU.ActiveCfg = Release|Any CPU
		{ED901A24-9BC4-46E5-AF38-75846DE7F307}.Release|Any CPU.Build.0 = Release|Any CPU
		{1E4296C9-713F-4282-B827-2611BEA8309D}.Debug|Any CPU.ActiveCfg = Debug|Any CPU
		{1E4296C9-713F-4282-B827-2611BEA8309D}.Debug|Any CPU.Build.0 = Debug|Any CPU
		{1E4296C9-713F-4282-B827-2611BEA8309D}.Release|Any CPU.ActiveCfg = Release|Any CPU
		{1E4296C9-713F-4282-B827-2611BEA8309D}.Release|Any CPU.Build.0 = Release|Any CPU
	EndGlobalSection
	GlobalSection(SolutionProperties) = preSolution
		HideSolutionNode = FALSE
	EndGlobalSection
	GlobalSection(ExtensibilityGlobals) = postSolution
		SolutionGuid = {98FA8593-874C-43B2-8917-3CCD61F19CB0}
	EndGlobalSection
EndGlobal
